
Microsoft Visual Studio Solution File, Format Version 12.00
# Visual Studio 15
VisualStudioVersion = 15.0.28307.705
MinimumVisualStudioVersion = 10.0.40219.1
Project("{9A19103F-16F7-4668-BE54-9A1E7A4F7556}") = "ConsoleApp1", "ConsoleApp1\ConsoleApp1.csproj", "{FE9E350D-C793-4E54-B381-4EB0E2264473}"
EndProject
Project("{FAE04EC0-301F-11D3-BF4B-00C04F79EFBC}") = "ConsoleApp2", "ConsoleApp2\ConsoleApp2.csproj", "{7DB8FC42-7A17-446B-BE4F-FFD3ADAEE3EC}"
EndProject
Global
	GlobalSection(SolutionConfigurationPlatforms) = preSolution
		Debug|Any CPU = Debug|Any CPU
		Release|Any CPU = Release|Any CPU
	EndGlobalSection
	GlobalSection(ProjectConfigurationPlatforms) = postSolution
		{FE9E350D-C793-4E54-B381-4EB0E2264473}.Debug|Any CPU.ActiveCfg = Debug|Any CPU
		{FE9E350D-C793-4E54-B381-4EB0E2264473}.Debug|Any CPU.Build.0 = Debug|Any CPU
		{FE9E350D-C793-4E54-B381-4EB0E2264473}.Release|Any CPU.ActiveCfg = Release|Any CPU
		{FE9E350D-C793-4E54-B381-4EB0E2264473}.Release|Any CPU.Build.0 = Release|Any CPU
		{7DB8FC42-7A17-446B-BE4F-FFD3ADAEE3EC}.Debug|Any CPU.ActiveCfg = Debug|Any CPU
		{7DB8FC42-7A17-446B-BE4F-FFD3ADAEE3EC}.Debug|Any CPU.Build.0 = Debug|Any CPU
		{7DB8FC42-7A17-446B-BE4F-FFD3ADAEE3EC}.Release|Any CPU.ActiveCfg = Release|Any CPU
		{7DB8FC42-7A17-446B-BE4F-FFD3ADAEE3EC}.Release|Any CPU.Build.0 = Release|Any CPU
	EndGlobalSection
	GlobalSection(SolutionProperties) = preSolution
		HideSolutionNode = FALSE
	EndGlobalSection
	GlobalSection(ExtensibilityGlobals) = postSolution
		SolutionGuid = {CEDA116A-091B-4217-AB6B-7D6BA1F4D68C}
	EndGlobalSection
EndGlobal
